
Microsoft Visual Studio Solution File, Format Version 12.00
# Visual Studio 15
VisualStudioVersion = 15.0.28307.1622
MinimumVisualStudioVersion = 10.0.40219.1
Project("{FAE04EC0-301F-11D3-BF4B-00C04F79EFBC}") = "Notas_e_Moedas", "Notas_e_Moedas\Notas_e_Moedas.csproj", "{C83C5D27-2FDF-4577-9D8A-B77087A74973}"
EndProject
Global
	GlobalSection(SolutionConfigurationPlatforms) = preSolution
		Debug|Any CPU = Debug|Any CPU
		Release|Any CPU = Release|Any CPU
	EndGlobalSection
	GlobalSection(ProjectConfigurationPlatforms) = postSolution
		{C83C5D27-2FDF-4577-9D8A-B77087A74973}.Debug|Any CPU.ActiveCfg = Debug|Any CPU
		{C83C5D27-2FDF-4577-9D8A-B77087A74973}.Debug|Any CPU.Build.0 = Debug|Any CPU
		{C83C5D27-2FDF-4577-9D8A-B77087A74973}.Release|Any CPU.ActiveCfg = Release|Any CPU
		{C83C5D27-2FDF-4577-9D8A-B77087A74973}.Release|Any CPU.Build.0 = Release|Any CPU
	EndGlobalSection
	GlobalSection(SolutionProperties) = preSolution
		HideSolutionNode = FALSE
	EndGlobalSection
	GlobalSection(ExtensibilityGlobals) = postSolution
		SolutionGuid = {23A80CCC-A309-4952-831B-2A5FCFEF171C}
	EndGlobalSection
EndGlobal
